{
	"name": "@financial-times/signed-aws-es-fetch",
	"version": "2.0.0",
	"lockfileVersion": 2,
	"requires": true,
	"packages": {
		"": {
			"name": "@financial-times/signed-aws-es-fetch",
			"version": "2.0.0",
			"dependencies": {
				"aws4": "^1.1.0",
				"denodeify": "^1.2.1",
				"node-fetch": "^2.6.7"
			},
			"devDependencies": {
				"dotenv": "^1.2.0"
			}
		},
		"node_modules/aws4": {
			"version": "1.11.0",
			"resolved": "https://registry.npmjs.org/aws4/-/aws4-1.11.0.tgz",
			"integrity": "sha512-xh1Rl34h6Fi1DC2WWKfxUTVqRsNnr6LsKz2+hfwDxQJWmrx8+c7ylaqBMcHfl1U1r2dsifOvKX3LQuLNZ+XSvA=="
		},
		"node_modules/denodeify": {
			"version": "1.2.1",
			"resolved": "https://registry.npmjs.org/denodeify/-/denodeify-1.2.1.tgz",
			"integrity": "sha1-OjYof1A05pnnV3kBBSwubJQlFjE="
		},
		"node_modules/dotenv": {
			"version": "1.2.0",
			"resolved": "https://registry.npmjs.org/dotenv/-/dotenv-1.2.0.tgz",
			"integrity": "sha1-fNc+FuB/BXyAchR6W8OoZ38KtcY=",
			"dev": true
		},
		"node_modules/node-fetch": {
			"version": "2.6.7",
			"resolved": "https://registry.npmjs.org/node-fetch/-/node-fetch-2.6.7.tgz",
			"integrity": "sha512-ZjMPFEfVx5j+y2yF35Kzx5sF7kDzxuDj6ziH4FFbOp87zKDZNx8yExJIb05OGF4Nlt9IHFIMBkRl41VdvcNdbQ==",
			"dependencies": {
				"whatwg-url": "^5.0.0"
			},
			"engines": {
				"node": "4.x || >=6.0.0"
			},
			"peerDependencies": {
				"encoding": "^0.1.0"
			},
			"peerDependenciesMeta": {
				"encoding": {
					"optional": true
				}
			}
		},
		"node_modules/tr46": {
			"version": "0.0.3",
			"resolved": "https://registry.npmjs.org/tr46/-/tr46-0.0.3.tgz",
			"integrity": "sha1-gYT9NH2snNwYWZLzpmIuFLnZq2o="
		},
		"node_modules/webidl-conversions": {
			"version": "3.0.1",
			"resolved": "https://registry.npmjs.org/webidl-conversions/-/webidl-conversions-3.0.1.tgz",
			"integrity": "sha1-JFNCdeKnvGvnvIZhHMFq4KVlSHE="
		},
		"node_modules/whatwg-url": {
			"version": "5.0.0",
			"resolved": "https://registry.npmjs.org/whatwg-url/-/whatwg-url-5.0.0.tgz",
			"integrity": "sha1-lmRU6HZUYuN2RNNib2dCzotwll0=",
			"dependencies": {
				"tr46": "~0.0.3",
				"webidl-conversions": "^3.0.0"
			}
		}
	},
	"dependencies": {
		"aws4": {
			"version": "1.11.0",
			"resolved": "https://registry.npmjs.org/aws4/-/aws4-1.11.0.tgz",
			"integrity": "sha512-xh1Rl34h6Fi1DC2WWKfxUTVqRsNnr6LsKz2+hfwDxQJWmrx8+c7ylaqBMcHfl1U1r2dsifOvKX3LQuLNZ+XSvA=="
		},
		"denodeify": {
			"version": "1.2.1",
			"resolved": "https://registry.npmjs.org/denodeify/-/denodeify-1.2.1.tgz",
			"integrity": "sha1-OjYof1A05pnnV3kBBSwubJQlFjE="
		},
		"dotenv": {
			"version": "1.2.0",
			"resolved": "https://registry.npmjs.org/dotenv/-/dotenv-1.2.0.tgz",
			"integrity": "sha1-fNc+FuB/BXyAchR6W8OoZ38KtcY=",
			"dev": true
		},
		"node-fetch": {
			"version": "2.6.7",
			"resolved": "https://registry.npmjs.org/node-fetch/-/node-fetch-2.6.7.tgz",
			"integrity": "sha512-ZjMPFEfVx5j+y2yF35Kzx5sF7kDzxuDj6ziH4FFbOp87zKDZNx8yExJIb05OGF4Nlt9IHFIMBkRl41VdvcNdbQ==",
			"requires": {
				"whatwg-url": "^5.0.0"
			}
		},
		"tr46": {
			"version": "0.0.3",
			"resolved": "https://registry.npmjs.org/tr46/-/tr46-0.0.3.tgz",
			"integrity": "sha1-gYT9NH2snNwYWZLzpmIuFLnZq2o="
		},
		"webidl-conversions": {
			"version": "3.0.1",
			"resolved": "https://registry.npmjs.org/webidl-conversions/-/webidl-conversions-3.0.1.tgz",
			"integrity": "sha1-JFNCdeKnvGvnvIZhHMFq4KVlSHE="
		},
		"whatwg-url": {
			"version": "5.0.0",
			"resolved": "https://registry.npmjs.org/whatwg-url/-/whatwg-url-5.0.0.tgz",
			"integrity": "sha1-lmRU6HZUYuN2RNNib2dCzotwll0=",
			"requires": {
				"tr46": "~0.0.3",
				"webidl-conversions": "^3.0.0"
			}
		}
	}
}
